// !$*UTF8*$!
{
	archiveVersion = 1;
	classes = {
	};
	objectVersion = 48;
	objects = {

/* Begin PBXBuildFile section */
		C86B0D1D46FAF2D517CF888A /* Pods_animoji_chat.framework in Frameworks */ = {isa = PBXBuildFile; fileRef = 1BB6932DA3193EFD8CA2F935 /* Pods_animoji_chat.framework */; };
		F0397EDE1FE8BBB700E77CA9 /* AppDelegate.swift in Sources */ = {isa = PBXBuildFile; fileRef = F0397EDD1FE8BBB700E77CA9 /* AppDelegate.swift */; };
		F0397EE01FE8BBB700E77CA9 /* ViewController.swift in Sources */ = {isa = PBXBuildFile; fileRef = F0397EDF1FE8BBB700E77CA9 /* ViewController.swift */; };
		F0397EE31FE8BBB700E77CA9 /* Main.storyboard in Resources */ = {isa = PBXBuildFile; fileRef = F0397EE11FE8BBB700E77CA9 /* Main.storyboard */; };
		F0397EE51FE8BBB700E77CA9 /* Assets.xcassets in Resources */ = {isa = PBXBuildFile; fileRef = F0397EE41FE8BBB700E77CA9 /* Assets.xcassets */; };
		F0397EE81FE8BBB700E77CA9 /* LaunchScreen.storyboard in Resources */ = {isa = PBXBuildFile; fileRef = F0397EE61FE8BBB700E77CA9 /* LaunchScreen.storyboard */; };
		F0397EF01FE8C9F000E77CA9 /* AFNetworking.framework in Frameworks */ = {isa = PBXBuildFile; fileRef = F0397EF11FE8C9F000E77CA9 /* AFNetworking.framework */; };
		F0397EF21FE8CA0500E77CA9 /* Animoji.framework in Frameworks */ = {isa = PBXBuildFile; fileRef = F0397EF31FE8CA0500E77CA9 /* Animoji.framework */; };
		F0397EF41FE8CA0900E77CA9 /* GPUImage.framework in Frameworks */ = {isa = PBXBuildFile; fileRef = F0397EF51FE8CA0900E77CA9 /* GPUImage.framework */; };
		F0397EF61FE8CA1200E77CA9 /* SocketRocket.framework in Frameworks */ = {isa = PBXBuildFile; fileRef = F0397EF71FE8CA1200E77CA9 /* SocketRocket.framework */; };
		F0397EF91FE8CA3B00E77CA9 /* libDotEngine.a in Frameworks */ = {isa = PBXBuildFile; fileRef = F0397EF81FE8CA3B00E77CA9 /* libDotEngine.a */; };
		F0397EFD1FE90B2700E77CA9 /* CVPixelBufferConvert.m in Sources */ = {isa = PBXBuildFile; fileRef = F0397EFC1FE90B2700E77CA9 /* CVPixelBufferConvert.m */; };
/* End PBXBuildFile section */

/* Begin PBXFileReference section */
		1BB6932DA3193EFD8CA2F935 /* Pods_animoji_chat.framework */ = {isa = PBXFileReference; explicitFileType = wrapper.framework; includeInIndex = 0; path = Pods_animoji_chat.framework; sourceTree = BUILT_PRODUCTS_DIR; };
		335C66EE7FCB2B8249A7C20B /* Pods-animoji-chat.debug.xcconfig */ = {isa = PBXFileReference; includeInIndex = 1; lastKnownFileType = text.xcconfig; name = "Pods-animoji-chat.debug.xcconfig"; path = "Pods/Target Support Files/Pods-animoji-chat/Pods-animoji-chat.debug.xcconfig"; sourceTree = "<group>"; };
		C7F85D4D1985D1D240ACA35C /* Pods-animoji-chat.release.xcconfig */ = {isa = PBXFileReference; includeInIndex = 1; lastKnownFileType = text.xcconfig; name = "Pods-animoji-chat.release.xcconfig"; path = "Pods/Target Support Files/Pods-animoji-chat/Pods-animoji-chat.release.xcconfig"; sourceTree = "<group>"; };
		F0397EDA1FE8BBB700E77CA9 /* animoji-chat.app */ = {isa = PBXFileReference; explicitFileType = wrapper.application; includeInIndex = 0; path = "animoji-chat.app"; sourceTree = BUILT_PRODUCTS_DIR; };
		F0397EDD1FE8BBB700E77CA9 /* AppDelegate.swift */ = {isa = PBXFileReference; lastKnownFileType = sourcecode.swift; path = AppDelegate.swift; sourceTree = "<group>"; };
		F0397EDF1FE8BBB700E77CA9 /* ViewController.swift */ = {isa = PBXFileReference; lastKnownFileType = sourcecode.swift; path = ViewController.swift; sourceTree = "<group>"; };
		F0397EE21FE8BBB700E77CA9 /* Base */ = {isa = PBXFileReference; lastKnownFileType = file.storyboard; name = Base; path = Base.lproj/Main.storyboard; sourceTree = "<group>"; };
		F0397EE41FE8BBB700E77CA9 /* Assets.xcassets */ = {isa = PBXFileReference; lastKnownFileType = folder.assetcatalog; path = Assets.xcassets; sourceTree = "<group>"; };
		F0397EE71FE8BBB700E77CA9 /* Base */ = {isa = PBXFileReference; lastKnownFileType = file.storyboard; name = Base; path = Base.lproj/LaunchScreen.storyboard; sourceTree = "<group>"; };
		F0397EE91FE8BBB700E77CA9 /* Info.plist */ = {isa = PBXFileReference; lastKnownFileType = text.plist.xml; path = Info.plist; sourceTree = "<group>"; };
		F0397EEF1FE8C85B00E77CA9 /* animoji-chat-bridging-header.h */ = {isa = PBXFileReference; lastKnownFileType = sourcecode.c.h; path = "animoji-chat-bridging-header.h"; sourceTree = "<group>"; };
		F0397EF11FE8C9F000E77CA9 /* AFNetworking.framework */ = {isa = PBXFileReference; explicitFileType = wrapper.framework; path = AFNetworking.framework; sourceTree = BUILT_PRODUCTS_DIR; };
		F0397EF31FE8CA0500E77CA9 /* Animoji.framework */ = {isa = PBXFileReference; explicitFileType = wrapper.framework; path = Animoji.framework; sourceTree = BUILT_PRODUCTS_DIR; };
		F0397EF51FE8CA0900E77CA9 /* GPUImage.framework */ = {isa = PBXFileReference; explicitFileType = wrapper.framework; path = GPUImage.framework; sourceTree = BUILT_PRODUCTS_DIR; };
		F0397EF71FE8CA1200E77CA9 /* SocketRocket.framework */ = {isa = PBXFileReference; explicitFileType = wrapper.framework; path = SocketRocket.framework; sourceTree = BUILT_PRODUCTS_DIR; };
		F0397EF81FE8CA3B00E77CA9 /* libDotEngine.a */ = {isa = PBXFileReference; lastKnownFileType = archive.ar; name = libDotEngine.a; path = Pods/libdotEngine/libDotEngine.a; sourceTree = "<group>"; };
		F0397EFA1FE8CA7A00E77CA9 /* Foundation.framework */ = {isa = PBXFileReference; lastKnownFileType = wrapper.framework; name = Foundation.framework; path = System/Library/Frameworks/Foundation.framework; sourceTree = SDKROOT; };
		F0397EFB1FE90B2700E77CA9 /* CVPixelBufferConvert.h */ = {isa = PBXFileReference; lastKnownFileType = sourcecode.c.h; path = CVPixelBufferConvert.h; sourceTree = "<group>"; };
		F0397EFC1FE90B2700E77CA9 /* CVPixelBufferConvert.m */ = {isa = PBXFileReference; lastKnownFileType = sourcecode.c.objc; path = CVPixelBufferConvert.m; sourceTree = "<group>"; };
/* End PBXFileReference section */

/* Begin PBXFrameworksBuildPhase section */
		F0397ED71FE8BBB700E77CA9 /* Frameworks */ = {
			isa = PBXFrameworksBuildPhase;
			buildActionMask = 2147483647;
			files = (
				F0397EF91FE8CA3B00E77CA9 /* libDotEngine.a in Frameworks */,
				F0397EF61FE8CA1200E77CA9 /* SocketRocket.framework in Frameworks */,
				F0397EF41FE8CA0900E77CA9 /* GPUImage.framework in Frameworks */,
				F0397EF21FE8CA0500E77CA9 /* Animoji.framework in Frameworks */,
				F0397EF01FE8C9F000E77CA9 /* AFNetworking.framework in Frameworks */,
				C86B0D1D46FAF2D517CF888A /* Pods_animoji_chat.framework in Frameworks */,
			);
			runOnlyForDeploymentPostprocessing = 0;
		};
/* End PBXFrameworksBuildPhase section */

/* Begin PBXGroup section */
		0F4EF0D1467C6D209AB01ADA /* Frameworks */ = {
			isa = PBXGroup;
			children = (
				F0397EFA1FE8CA7A00E77CA9 /* Foundation.framework */,
				F0397EF81FE8CA3B00E77CA9 /* libDotEngine.a */,
				F0397EF71FE8CA1200E77CA9 /* SocketRocket.framework */,
				F0397EF51FE8CA0900E77CA9 /* GPUImage.framework */,
				F0397EF31FE8CA0500E77CA9 /* Animoji.framework */,
				F0397EF11FE8C9F000E77CA9 /* AFNetworking.framework */,
				1BB6932DA3193EFD8CA2F935 /* Pods_animoji_chat.framework */,
			);
			name = Frameworks;
			sourceTree = "<group>";
		};
		E73143BC1C3E374FB6776AF4 /* Pods */ = {
			isa = PBXGroup;
			children = (
				335C66EE7FCB2B8249A7C20B /* Pods-animoji-chat.debug.xcconfig */,
				C7F85D4D1985D1D240ACA35C /* Pods-animoji-chat.release.xcconfig */,
			);
			name = Pods;
			sourceTree = "<group>";
		};
		F0397ED11FE8BBB700E77CA9 = {
			isa = PBXGroup;
			children = (
				F0397EDC1FE8BBB700E77CA9 /* animoji-chat */,
				F0397EDB1FE8BBB700E77CA9 /* Products */,
				E73143BC1C3E374FB6776AF4 /* Pods */,
				0F4EF0D1467C6D209AB01ADA /* Frameworks */,
			);
			sourceTree = "<group>";
		};
		F0397EDB1FE8BBB700E77CA9 /* Products */ = {
			isa = PBXGroup;
			children = (
				F0397EDA1FE8BBB700E77CA9 /* animoji-chat.app */,
			);
			name = Products;
			sourceTree = "<group>";
		};
		F0397EDC1FE8BBB700E77CA9 /* animoji-chat */ = {
			isa = PBXGroup;
			children = (
				F0397EDD1FE8BBB700E77CA9 /* AppDelegate.swift */,
				F0397EDF1FE8BBB700E77CA9 /* ViewController.swift */,
				F0397EE11FE8BBB700E77CA9 /* Main.storyboard */,
				F0397EE41FE8BBB700E77CA9 /* Assets.xcassets */,
				F0397EE61FE8BBB700E77CA9 /* LaunchScreen.storyboard */,
				F0397EE91FE8BBB700E77CA9 /* Info.plist */,
				F0397EEF1FE8C85B00E77CA9 /* animoji-chat-bridging-header.h */,
				F0397EFB1FE90B2700E77CA9 /* CVPixelBufferConvert.h */,
				F0397EFC1FE90B2700E77CA9 /* CVPixelBufferConvert.m */,
			);
			path = "animoji-chat";
			sourceTree = "<group>";
		};
/* End PBXGroup section */

/* Begin PBXNativeTarget section */
		F0397ED91FE8BBB700E77CA9 /* animoji-chat */ = {
			isa = PBXNativeTarget;
			buildConfigurationList = F0397EEC1FE8BBB700E77CA9 /* Build configuration list for PBXNativeTarget "animoji-chat" */;
			buildPhases = (
				E828EF1A137DCFBB09641102 /* [CP] Check Pods Manifest.lock */,
				F0397ED61FE8BBB700E77CA9 /* Sources */,
				F0397ED71FE8BBB700E77CA9 /* Frameworks */,
				F0397ED81FE8BBB700E77CA9 /* Resources */,
				37CA3EE06B9CA870D6B27201 /* [CP] Embed Pods Frameworks */,
				C452C95A4C2069633991942A /* [CP] Copy Pods Resources */,
			);
			buildRules = (
			);
			dependencies = (
			);
			name = "animoji-chat";
			productName = "animoji-chat";
			productReference = F0397EDA1FE8BBB700E77CA9 /* animoji-chat.app */;
			productType = "com.apple.product-type.application";
		};
/* End PBXNativeTarget section */

/* Begin PBXProject section */
		F0397ED21FE8BBB700E77CA9 /* Project object */ = {
			isa = PBXProject;
			attributes = {
				LastSwiftUpdateCheck = 0920;
				LastUpgradeCheck = 0920;
				ORGANIZATIONNAME = dotEngine;
				TargetAttributes = {
					F0397ED91FE8BBB700E77CA9 = {
						CreatedOnToolsVersion = 9.2;
						ProvisioningStyle = Automatic;
					};
				};
			};
			buildConfigurationList = F0397ED51FE8BBB700E77CA9 /* Build configuration list for PBXProject "animoji-chat" */;
			compatibilityVersion = "Xcode 8.0";
			developmentRegion = en;
			hasScannedForEncodings = 0;
			knownRegions = (
				en,
				Base,
			);
			mainGroup = F0397ED11FE8BBB700E77CA9;
			productRefGroup = F0397EDB1FE8BBB700E77CA9 /* Products */;
			projectDirPath = "";
			projectRoot = "";
			targets = (
				F0397ED91FE8BBB700E77CA9 /* animoji-chat */,
			);
		};
/* End PBXProject section */

/* Begin PBXResourcesBuildPhase section */
		F0397ED81FE8BBB700E77CA9 /* Resources */ = {
			isa = PBXResourcesBuildPhase;
			buildActionMask = 2147483647;
			files = (
				F0397EE81FE8BBB700E77CA9 /* LaunchScreen.storyboard in Resources */,
				F0397EE51FE8BBB700E77CA9 /* Assets.xcassets in Resources */,
				F0397EE31FE8BBB700E77CA9 /* Main.storyboard in Resources */,
			);
			runOnlyForDeploymentPostprocessing = 0;
		};
/* End PBXResourcesBuildPhase section */

/* Begin PBXShellScriptBuildPhase section */
		37CA3EE06B9CA870D6B27201 /* [CP] Embed Pods Frameworks */ = {
			isa = PBXShellScriptBuildPhase;
			buildActionMask = 2147483647;
			files = (
			);
			inputPaths = (
				"${SRCROOT}/Pods/Target Support Files/Pods-animoji-chat/Pods-animoji-chat-frameworks.sh",
				"${BUILT_PRODUCTS_DIR}/AFNetworking/AFNetworking.framework",
				"${BUILT_PRODUCTS_DIR}/Animoji/Animoji.framework",
				"${BUILT_PRODUCTS_DIR}/GPUImage/GPUImage.framework",
				"${BUILT_PRODUCTS_DIR}/SocketRocket/SocketRocket.framework",
				"${BUILT_PRODUCTS_DIR}/Toaster/Toaster.framework",
			);
			name = "[CP] Embed Pods Frameworks";
			outputPaths = (
				"${TARGET_BUILD_DIR}/${FRAMEWORKS_FOLDER_PATH}/AFNetworking.framework",
				"${TARGET_BUILD_DIR}/${FRAMEWORKS_FOLDER_PATH}/Animoji.framework",
				"${TARGET_BUILD_DIR}/${FRAMEWORKS_FOLDER_PATH}/GPUImage.framework",
				"${TARGET_BUILD_DIR}/${FRAMEWORKS_FOLDER_PATH}/SocketRocket.framework",
				"${TARGET_BUILD_DIR}/${FRAMEWORKS_FOLDER_PATH}/Toaster.framework",
			);
			runOnlyForDeploymentPostprocessing = 0;
			shellPath = /bin/sh;
			shellScript = "\"${SRCROOT}/Pods/Target Support Files/Pods-animoji-chat/Pods-animoji-chat-frameworks.sh\"\n";
			showEnvVarsInLog = 0;
		};
		C452C95A4C2069633991942A /* [CP] Copy Pods Resources */ = {
			isa = PBXShellScriptBuildPhase;
			buildActionMask = 2147483647;
			files = (
			);
			inputPaths = (
			);
			name = "[CP] Copy Pods Resources";
			outputPaths = (
			);
			runOnlyForDeploymentPostprocessing = 0;
			shellPath = /bin/sh;
			shellScript = "\"${SRCROOT}/Pods/Target Support Files/Pods-animoji-chat/Pods-animoji-chat-resources.sh\"\n";
			showEnvVarsInLog = 0;
		};
		E828EF1A137DCFBB09641102 /* [CP] Check Pods Manifest.lock */ = {
			isa = PBXShellScriptBuildPhase;
			buildActionMask = 2147483647;
			files = (
			);
			inputPaths = (
				"${PODS_PODFILE_DIR_PATH}/Podfile.lock",
				"${PODS_ROOT}/Manifest.lock",
			);
			name = "[CP] Check Pods Manifest.lock";
			outputPaths = (
				"$(DERIVED_FILE_DIR)/Pods-animoji-chat-checkManifestLockResult.txt",
			);
			runOnlyForDeploymentPostprocessing = 0;
			shellPath = /bin/sh;
			shellScript = "diff \"${PODS_PODFILE_DIR_PATH}/Podfile.lock\" \"${PODS_ROOT}/Manifest.lock\" > /dev/null\nif [ $? != 0 ] ; then\n    # print error to STDERR\n    echo \"error: The sandbox is not in sync with the Podfile.lock. Run 'pod install' or update your CocoaPods installation.\" >&2\n    exit 1\nfi\n# This output is used by Xcode 'outputs' to avoid re-running this script phase.\necho \"SUCCESS\" > \"${SCRIPT_OUTPUT_FILE_0}\"\n";
			showEnvVarsInLog = 0;
		};
/* End PBXShellScriptBuildPhase section */

/* Begin PBXSourcesBuildPhase section */
		F0397ED61FE8BBB700E77CA9 /* Sources */ = {
			isa = PBXSourcesBuildPhase;
			buildActionMask = 2147483647;
			files = (
				F0397EE01FE8BBB700E77CA9 /* ViewController.swift in Sources */,
				F0397EDE1FE8BBB700E77CA9 /* AppDelegate.swift in Sources */,
				F0397EFD1FE90B2700E77CA9 /* CVPixelBufferConvert.m in Sources */,
			);
			runOnlyForDeploymentPostprocessing = 0;
		};
/* End PBXSourcesBuildPhase section */

/* Begin PBXVariantGroup section */
		F0397EE11FE8BBB700E77CA9 /* Main.storyboard */ = {
			isa = PBXVariantGroup;
			children = (
				F0397EE21FE8BBB700E77CA9 /* Base */,
			);
			name = Main.storyboard;
			sourceTree = "<group>";
		};
		F0397EE61FE8BBB700E77CA9 /* LaunchScreen.storyboard */ = {
			isa = PBXVariantGroup;
			children = (
				F0397EE71FE8BBB700E77CA9 /* Base */,
			);
			name = LaunchScreen.storyboard;
			sourceTree = "<group>";
		};
/* End PBXVariantGroup section */

/* Begin XCBuildConfiguration section */
		F0397EEA1FE8BBB700E77CA9 /* Debug */ = {
			isa = XCBuildConfiguration;
			buildSettings = {
				ALWAYS_SEARCH_USER_PATHS = NO;
				CLANG_ANALYZER_NONNULL = YES;
				CLANG_ANALYZER_NUMBER_OBJECT_CONVERSION = YES_AGGRESSIVE;
				CLANG_CXX_LANGUAGE_STANDARD = "gnu++14";
				CLANG_CXX_LIBRARY = "libc++";
				CLANG_ENABLE_MODULES = YES;
				CLANG_ENABLE_OBJC_ARC = YES;
				CLANG_WARN_BLOCK_CAPTURE_AUTORELEASING = YES;
				CLANG_WARN_BOOL_CONVERSION = YES;
				CLANG_WARN_COMMA = YES;
				CLANG_WARN_CONSTANT_CONVERSION = YES;
				CLANG_WARN_DIRECT_OBJC_ISA_USAGE = YES_ERROR;
				CLANG_WARN_DOCUMENTATION_COMMENTS = YES;
				CLANG_WARN_EMPTY_BODY = YES;
				CLANG_WARN_ENUM_CONVERSION = YES;
				CLANG_WARN_INFINITE_RECURSION = YES;
				CLANG_WARN_INT_CONVERSION = YES;
				CLANG_WARN_NON_LITERAL_NULL_CONVERSION = YES;
				CLANG_WARN_OBJC_LITERAL_CONVERSION = YES;
				CLANG_WARN_OBJC_ROOT_CLASS = YES_ERROR;
				CLANG_WARN_RANGE_LOOP_ANALYSIS = YES;
				CLANG_WARN_STRICT_PROTOTYPES = YES;
				CLANG_WARN_SUSPICIOUS_MOVE = YES;
				CLANG_WARN_UNGUARDED_AVAILABILITY = YES_AGGRESSIVE;
				CLANG_WARN_UNREACHABLE_CODE = YES;
				CLANG_WARN__DUPLICATE_METHOD_MATCH = YES;
				CODE_SIGN_IDENTITY = "iPhone Developer";
				COPY_PHASE_STRIP = NO;
				DEBUG_INFORMATION_FORMAT = dwarf;
				ENABLE_STRICT_OBJC_MSGSEND = YES;
				ENABLE_TESTABILITY = YES;
				GCC_C_LANGUAGE_STANDARD = gnu11;
				GCC_DYNAMIC_NO_PIC = NO;
				GCC_NO_COMMON_BLOCKS = YES;
				GCC_OPTIMIZATION_LEVEL = 0;
				GCC_PREPROCESSOR_DEFINITIONS = (
					"DEBUG=1",
					"$(inherited)",
				);
				GCC_WARN_64_TO_32_BIT_CONVERSION = YES;
				GCC_WARN_ABOUT_RETURN_TYPE = YES_ERROR;
				GCC_WARN_UNDECLARED_SELECTOR = YES;
				GCC_WARN_UNINITIALIZED_AUTOS = YES_AGGRESSIVE;
				GCC_WARN_UNUSED_FUNCTION = YES;
				GCC_WARN_UNUSED_VARIABLE = YES;
				IPHONEOS_DEPLOYMENT_TARGET = 11.2;
				MTL_ENABLE_DEBUG_INFO = YES;
				ONLY_ACTIVE_ARCH = YES;
				SDKROOT = iphoneos;
				SWIFT_ACTIVE_COMPILATION_CONDITIONS = DEBUG;
				SWIFT_OPTIMIZATION_LEVEL = "-Onone";
			};
			name = Debug;
		};
		F0397EEB1FE8BBB700E77CA9 /* Release */ = {
			isa = XCBuildConfiguration;
			buildSettings = {
				ALWAYS_SEARCH_USER_PATHS = NO;
				CLANG_ANALYZER_NONNULL = YES;
				CLANG_ANALYZER_NUMBER_OBJECT_CONVERSION = YES_AGGRESSIVE;
				CLANG_CXX_LANGUAGE_STANDARD = "gnu++14";
				CLANG_CXX_LIBRARY = "libc++";
				CLANG_ENABLE_MODULES = YES;
				CLANG_ENABLE_OBJC_ARC = YES;
				CLANG_WARN_BLOCK_CAPTURE_AUTORELEASING = YES;
				CLANG_WARN_BOOL_CONVERSION = YES;
				CLANG_WARN_COMMA = YES;
				CLANG_WARN_CONSTANT_CONVERSION = YES;
				CLANG_WARN_DIRECT_OBJC_ISA_USAGE = YES_ERROR;
				CLANG_WARN_DOCUMENTATION_COMMENTS = YES;
				CLANG_WARN_EMPTY_BODY = YES;
				CLANG_WARN_ENUM_CONVERSION = YES;
				CLANG_WARN_INFINITE_RECURSION = YES;
				CLANG_WARN_INT_CONVERSION = YES;
				CLANG_WARN_NON_LITERAL_NULL_CONVERSION = YES;
				CLANG_WARN_OBJC_LITERAL_CONVERSION = YES;
				CLANG_WARN_OBJC_ROOT_CLASS = YES_ERROR;
				CLANG_WARN_RANGE_LOOP_ANALYSIS = YES;
				CLANG_WARN_STRICT_PROTOTYPES = YES;
				CLANG_WARN_SUSPICIOUS_MOVE = YES;
				CLANG_WARN_UNGUARDED_AVAILABILITY = YES_AGGRESSIVE;
				CLANG_WARN_UNREACHABLE_CODE = YES;
				CLANG_WARN__DUPLICATE_METHOD_MATCH = YES;
				CODE_SIGN_IDENTITY = "iPhone Developer";
				COPY_PHASE_STRIP = NO;
				DEBUG_INFORMATION_FORMAT = "dwarf-with-dsym";
				ENABLE_NS_ASSERTIONS = NO;
				ENABLE_STRICT_OBJC_MSGSEND = YES;
				GCC_C_LANGUAGE_STANDARD = gnu11;
				GCC_NO_COMMON_BLOCKS = YES;
				GCC_WARN_64_TO_32_BIT_CONVERSION = YES;
				GCC_WARN_ABOUT_RETURN_TYPE = YES_ERROR;
				GCC_WARN_UNDECLARED_SELECTOR = YES;
				GCC_WARN_UNINITIALIZED_AUTOS = YES_AGGRESSIVE;
				GCC_WARN_UNUSED_FUNCTION = YES;
				GCC_WARN_UNUSED_VARIABLE = YES;
				IPHONEOS_DEPLOYMENT_TARGET = 11.2;
				MTL_ENABLE_DEBUG_INFO = NO;
				SDKROOT = iphoneos;
				SWIFT_OPTIMIZATION_LEVEL = "-Owholemodule";
				VALIDATE_PRODUCT = YES;
			};
			name = Release;
		};
		F0397EED1FE8BBB700E77CA9 /* Debug */ = {
			isa = XCBuildConfiguration;
			baseConfigurationReference = 335C66EE7FCB2B8249A7C20B /* Pods-animoji-chat.debug.xcconfig */;
			buildSettings = {
				ASSETCATALOG_COMPILER_APPICON_NAME = AppIcon;
				CODE_SIGN_STYLE = Automatic;
				DEVELOPMENT_TEAM = CLKRLU8RPY;
				ENABLE_BITCODE = NO;
				INFOPLIST_FILE = "animoji-chat/Info.plist";
				IPHONEOS_DEPLOYMENT_TARGET = 11.1;
				LD_RUNPATH_SEARCH_PATHS = "$(inherited) @executable_path/Frameworks";
				LIBRARY_SEARCH_PATHS = (
					"$(inherited)",
					"$(PROJECT_DIR)/Pods/libdotEngine",
				);
				PRODUCT_BUNDLE_IDENTIFIER = "cc.dot.animoji-chat";
				PRODUCT_NAME = "$(TARGET_NAME)";
				SWIFT_OBJC_BRIDGING_HEADER = "animoji-chat/animoji-chat-bridging-header.h";
				SWIFT_VERSION = 4.0;
				TARGETED_DEVICE_FAMILY = "1,2";
			};
			name = Debug;
		};
		F0397EEE1FE8BBB700E77CA9 /* Release */ = {
			isa = XCBuildConfiguration;
			baseConfigurationReference = C7F85D4D1985D1D240ACA35C /* Pods-animoji-chat.release.xcconfig */;
			buildSettings = {
				ASSETCATALOG_COMPILER_APPICON_NAME = AppIcon;
				CODE_SIGN_STYLE = Automatic;
				DEVELOPMENT_TEAM = CLKRLU8RPY;
				ENABLE_BITCODE = NO;
				INFOPLIST_FILE = "animoji-chat/Info.plist";
				IPHONEOS_DEPLOYMENT_TARGET = 11.1;
				LD_RUNPATH_SEARCH_PATHS = "$(inherited) @executable_path/Frameworks";
				LIBRARY_SEARCH_PATHS = (
					"$(inherited)",
					"$(PROJECT_DIR)/Pods/libdotEngine",
				);
				PRODUCT_BUNDLE_IDENTIFIER = "cc.dot.animoji-chat";
				PRODUCT_NAME = "$(TARGET_NAME)";
				SWIFT_OBJC_BRIDGING_HEADER = "animoji-chat/animoji-chat-bridging-header.h";
				SWIFT_VERSION = 4.0;
				TARGETED_DEVICE_FAMILY = "1,2";
			};
			name = Release;
		};
/* End XCBuildConfiguration section */

/* Begin XCConfigurationList section */
		F0397ED51FE8BBB700E77CA9 /* Build configuration list for PBXProject "animoji-chat" */ = {
			isa = XCConfigurationList;
			buildConfigurations = (
				F0397EEA1FE8BBB700E77CA9 /* Debug */,
				F0397EEB1FE8BBB700E77CA9 /* Release */,
			);
			defaultConfigurationIsVisible = 0;
			defaultConfigurationName = Release;
		};
		F0397EEC1FE8BBB700E77CA9 /* Build configuration list for PBXNativeTarget "animoji-chat" */ = {
			isa = XCConfigurationList;
			buildConfigurations = (
				F0397EED1FE8BBB700E77CA9 /* Debug */,
				F0397EEE1FE8BBB700E77CA9 /* Release */,
			);
			defaultConfigurationIsVisible = 0;
			defaultConfigurationName = Release;
		};
/* End XCConfigurationList section */
	};
	rootObject = F0397ED21FE8BBB700E77CA9 /* Project object */;
}
