PODS:
  - AFNetworking/Reachability (3.2.0)
  - Animoji (0.0.5)
  - GPUImage (0.1.7)
  - libdotEngine (1.1.1):
    - AFNetworking/Reachability
    - GPUImage
    - SocketRocket
  - SocketRocket (0.5.1)
  - Toaster (2.1.1)

DEPENDENCIES:
  - Animoji (from `https://github.com/notedit/Animoji.git`)
  - libdotEngine (from `https://github.com/dotEngine/dotEngine-ios-sdk.git`)
  - Toaster

EXTERNAL SOURCES:
  Animoji:
    :git: https://github.com/notedit/Animoji.git
  libdotEngine:
    :git: https://github.com/dotEngine/dotEngine-ios-sdk.git

CHECKOUT OPTIONS:
  Animoji:
    :commit: 26803276de3289a1cd735ee32b0ced1221e3f041
    :git: https://github.com/notedit/Animoji.git
  libdotEngine:
    :commit: 5c00f6a94f36391c08875ddbfbf2b27608de75b7
    :git: https://github.com/dotEngine/dotEngine-ios-sdk.git

SPEC CHECKSUMS:
  AFNetworking: 8ac6017b94ea105479f7776e5288e48ae9c59bb4
  Animoji: ba82f318308dcc798bcbf0dd25b4b25dcbe6c234
  GPUImage: 733a5f0fab92df9de1c37ba9df520a833ccb406d
  libdotEngine: 84513790430ff2ee9c55670c8c7ae3661cbd2adf
  SocketRocket: d57c7159b83c3c6655745cd15302aa24b6bae531
  Toaster: a6c9532de1ded8105e77376f7dffeb2e12b46dbb

PODFILE CHECKSUM: 16eb73d96615fc4886ff5f39496e3f5ed9d12b18

COCOAPODS: 1.4.0.rc.1
